
Microsoft Visual Studio Solution File, Format Version 12.00
# Visual Studio Version 17
VisualStudioVersion = 17.14.36908.2 d17.14
MinimumVisualStudioVersion = 10.0.40219.1
Project("{FAE04EC0-301F-11D3-BF4B-00C04F79EFBC}") = "SportsStoreApp", "SportsStoreApp.csproj", "{1D9DB156-9607-46E4-8444-9726EF7586A7}"
EndProject
Global
	GlobalSection(SolutionConfigurationPlatforms) = preSolution
		Debug|Any CPU = Debug|Any CPU
		Release|Any CPU = Release|Any CPU
	EndGlobalSection
	GlobalSection(ProjectConfigurationPlatforms) = postSolution
		{1D9DB156-9607-46E4-8444-9726EF7586A7}.Debug|Any CPU.ActiveCfg = Debug|Any CPU
		{1D9DB156-9607-46E4-8444-9726EF7586A7}.Debug|Any CPU.Build.0 = Debug|Any CPU
		{1D9DB156-9607-46E4-8444-9726EF7586A7}.Release|Any CPU.ActiveCfg = Release|Any CPU
		{1D9DB156-9607-46E4-8444-9726EF7586A7}.Release|Any CPU.Build.0 = Release|Any CPU
	EndGlobalSection
	GlobalSection(SolutionProperties) = preSolution
		HideSolutionNode = FALSE
	EndGlobalSection
	GlobalSection(ExtensibilityGlobals) = postSolution
		SolutionGuid = {B6B364EA-641A-496D-9061-99CDC413F8F2}
	EndGlobalSection
EndGlobal
